{
  "requires": true,
  "lockfileVersion": 1,
  "dependencies": {
    "load-js": {
      "version": "3.0.3",
      "resolved": "https://registry.npmjs.org/load-js/-/load-js-3.0.3.tgz",
      "integrity": "sha512-y1Iqt5vikLPrI9xJHV3gK6TKDvGdJQPHjejJgP4BmS7wx4oo45+IMvnAT9jY8quL9NGtt0WlTuLq1pw7WuODYA=="
    },
    "vue": {
      "version": "2.6.12",
      "resolved": "https://registry.npmjs.org/vue/-/vue-2.6.12.tgz",
      "integrity": "sha512-uhmLFETqPPNyuLLbsKz6ioJ4q7AZHzD8ZVFNATNyICSZouqP2Sz0rotWQC8UNBF6VGSCs5abnKJoStA6JbCbfg=="
    },
    "vue-google-places": {
      "version": "0.1.6",
      "resolved": "https://registry.npmjs.org/vue-google-places/-/vue-google-places-0.1.6.tgz",
      "integrity": "sha512-OrkT4be4pvnRU3hh19FowESPXkYdNaQDmcz1HWT85OUeiRNO7E1BTubENniOAxizsOAE7u1vAFMBGon88E1sEQ==",
      "requires": {
        "load-js": "^3.0.3"
      }
    },
    "vuetify": {
      "version": "2.3.13",
      "resolved": "https://registry.npmjs.org/vuetify/-/vuetify-2.3.13.tgz",
      "integrity": "sha512-1908+xtI329/L1MNdZ7DQ16u/HDOq7gNxSYREdQhzCKNWUymdkaFYaBY9kKPQd1JTwT+xQL7GKCH/fr9xrS1AA=="
    }
  }
}
